
Microsoft Visual Studio Solution File, Format Version 12.00
# Visual Studio Version 17
VisualStudioVersion = 17.2.32630.192
MinimumVisualStudioVersion = 10.0.40219.1
Project("{FAE04EC0-301F-11D3-BF4B-00C04F79EFBC}") = "Task3", "Task3\Task3.csproj", "{7F24621F-A170-48E4-951D-6C2E06576EDF}"
EndProject
Global
	GlobalSection(SolutionConfigurationPlatforms) = preSolution
		Debug|Any CPU = Debug|Any CPU
		Release|Any CPU = Release|Any CPU
	EndGlobalSection
	GlobalSection(ProjectConfigurationPlatforms) = postSolution
		{7F24621F-A170-48E4-951D-6C2E06576EDF}.Debug|Any CPU.ActiveCfg = Debug|Any CPU
		{7F24621F-A170-48E4-951D-6C2E06576EDF}.Debug|Any CPU.Build.0 = Debug|Any CPU
		{7F24621F-A170-48E4-951D-6C2E06576EDF}.Release|Any CPU.ActiveCfg = Release|Any CPU
		{7F24621F-A170-48E4-951D-6C2E06576EDF}.Release|Any CPU.Build.0 = Release|Any CPU
	EndGlobalSection
	GlobalSection(SolutionProperties) = preSolution
		HideSolutionNode = FALSE
	EndGlobalSection
	GlobalSection(ExtensibilityGlobals) = postSolution
		SolutionGuid = {C1D470BA-5B34-4C92-AB87-9C841CD9A177}
	EndGlobalSection
EndGlobal
